
Microsoft Visual Studio Solution File, Format Version 12.00
# Visual Studio 15
VisualStudioVersion = 15.0.28307.645
MinimumVisualStudioVersion = 10.0.40219.1
Project("{FAE04EC0-301F-11D3-BF4B-00C04F79EFBC}") = "Announcements.Web", "Announcements.Web\Announcements.Web.csproj", "{D26F8433-4127-42FC-A98B-E2ADA2E51568}"
EndProject
Global
	GlobalSection(SolutionConfigurationPlatforms) = preSolution
		Debug|Any CPU = Debug|Any CPU
		Release|Any CPU = Release|Any CPU
	EndGlobalSection
	GlobalSection(ProjectConfigurationPlatforms) = postSolution
		{D26F8433-4127-42FC-A98B-E2ADA2E51568}.Debug|Any CPU.ActiveCfg = Debug|Any CPU
		{D26F8433-4127-42FC-A98B-E2ADA2E51568}.Debug|Any CPU.Build.0 = Debug|Any CPU
		{D26F8433-4127-42FC-A98B-E2ADA2E51568}.Release|Any CPU.ActiveCfg = Release|Any CPU
		{D26F8433-4127-42FC-A98B-E2ADA2E51568}.Release|Any CPU.Build.0 = Release|Any CPU
	EndGlobalSection
	GlobalSection(SolutionProperties) = preSolution
		HideSolutionNode = FALSE
	EndGlobalSection
	GlobalSection(ExtensibilityGlobals) = postSolution
		SolutionGuid = {D9EEFD1A-31DA-43B9-94BE-F1CC70B1D95C}
	EndGlobalSection
EndGlobal
